<Solution>
  <Project Path="ChobiLibUnity.csproj" />
  <Project Path="Assembly-CSharp.csproj" />
  <Project Path="ChobiLibSQLite.csproj" />
  <Project Path="ChobiLibAddressables.csproj" />
  <Project Path="ChobiLibRealm.csproj" />
  <Project Path="Assembly-CSharp-Editor.csproj" />
  <Project Path="ChobiLibSQLite.Editor.csproj" />
</Solution>
